
Microsoft Visual Studio Solution File, Format Version 12.00
# Visual Studio Version 17
VisualStudioVersion = 17.7.34202.233
MinimumVisualStudioVersion = 10.0.40219.1
Project("{FAE04EC0-301F-11D3-BF4B-00C04F79EFBC}") = "pandemieAndroid2", "pandemieAndroid2\pandemieAndroid2.csproj", "{A514CABA-9613-4281-A384-238BBC76A08E}"
EndProject
Project("{FAE04EC0-301F-11D3-BF4B-00C04F79EFBC}") = "pandemieAndroid", "pandemieAndroid\pandemieAndroid.csproj", "{9CD20630-2AFC-45C4-B686-AF9CB6414DE1}"
EndProject
Global
	GlobalSection(SolutionConfigurationPlatforms) = preSolution
		Debug|Any CPU = Debug|Any CPU
		Release|Any CPU = Release|Any CPU
	EndGlobalSection
	GlobalSection(ProjectConfigurationPlatforms) = postSolution
		{A514CABA-9613-4281-A384-238BBC76A08E}.Debug|Any CPU.ActiveCfg = Debug|Any CPU
		{A514CABA-9613-4281-A384-238BBC76A08E}.Debug|Any CPU.Build.0 = Debug|Any CPU
		{A514CABA-9613-4281-A384-238BBC76A08E}.Release|Any CPU.ActiveCfg = Release|Any CPU
		{A514CABA-9613-4281-A384-238BBC76A08E}.Release|Any CPU.Build.0 = Release|Any CPU
		{9CD20630-2AFC-45C4-B686-AF9CB6414DE1}.Debug|Any CPU.ActiveCfg = Debug|Any CPU
		{9CD20630-2AFC-45C4-B686-AF9CB6414DE1}.Debug|Any CPU.Build.0 = Debug|Any CPU
		{9CD20630-2AFC-45C4-B686-AF9CB6414DE1}.Debug|Any CPU.Deploy.0 = Debug|Any CPU
		{9CD20630-2AFC-45C4-B686-AF9CB6414DE1}.Release|Any CPU.ActiveCfg = Release|Any CPU
		{9CD20630-2AFC-45C4-B686-AF9CB6414DE1}.Release|Any CPU.Build.0 = Release|Any CPU
		{9CD20630-2AFC-45C4-B686-AF9CB6414DE1}.Release|Any CPU.Deploy.0 = Release|Any CPU
	EndGlobalSection
	GlobalSection(SolutionProperties) = preSolution
		HideSolutionNode = FALSE
	EndGlobalSection
	GlobalSection(ExtensibilityGlobals) = postSolution
		SolutionGuid = {D157F696-753D-43DC-A155-7EA6B116E4B2}
	EndGlobalSection
EndGlobal
